
Microsoft Visual Studio Solution File, Format Version 12.00
# Visual Studio Version 17
VisualStudioVersion = 17.10.34928.147
MinimumVisualStudioVersion = 10.0.40219.1
Project("{FAE04EC0-301F-11D3-BF4B-00C04F79EFBC}") = "Fiap.Web.RotaDaReciclagem", "Fiap.Web.RotaDaReciclagem.csproj", "{EF4EFBA0-7DA3-4003-9C56-15DC103C4356}"
EndProject
Global
	GlobalSection(SolutionConfigurationPlatforms) = preSolution
		Debug|Any CPU = Debug|Any CPU
		Release|Any CPU = Release|Any CPU
	EndGlobalSection
	GlobalSection(ProjectConfigurationPlatforms) = postSolution
		{EF4EFBA0-7DA3-4003-9C56-15DC103C4356}.Debug|Any CPU.ActiveCfg = Debug|Any CPU
		{EF4EFBA0-7DA3-4003-9C56-15DC103C4356}.Debug|Any CPU.Build.0 = Debug|Any CPU
		{EF4EFBA0-7DA3-4003-9C56-15DC103C4356}.Release|Any CPU.ActiveCfg = Release|Any CPU
		{EF4EFBA0-7DA3-4003-9C56-15DC103C4356}.Release|Any CPU.Build.0 = Release|Any CPU
	EndGlobalSection
	GlobalSection(SolutionProperties) = preSolution
		HideSolutionNode = FALSE
	EndGlobalSection
	GlobalSection(ExtensibilityGlobals) = postSolution
		SolutionGuid = {AEBAB707-34A3-4F6A-B3F3-AE357AB4F9DA}
	EndGlobalSection
EndGlobal
